// !$*UTF8*$!
{
	archiveVersion = 1;
	classes = {
	};
	objectVersion = 77;
	objects = {

/* Begin PBXBuildFile section */
		CCF3D6C7302921A800AF3518 /* RpplWatch.app in Embed Watch Content */ = {isa = PBXBuildFile; fileRef = CCF3D6C0302921A800AF3518 /* RpplWatch.app */; settings = {ATTRIBUTES = (CodeSignOnCopy, RemoveHeadersOnCopy, ); }; };
		CCF3D6D1302921A800AF3518 /* RpplCore in Frameworks */ = {isa = PBXBuildFile; productRef = CCF3D6CE302921A800AF3518 /* RpplCore */; };
		CCF3D6D2302921A800AF3518 /* RpplCore in Frameworks */ = {isa = PBXBuildFile; productRef = CCF3D6CF302921A800AF3518 /* RpplCore */; };
		CCF3D6D3302921A800AF3518 /* RpplCore in Frameworks */ = {isa = PBXBuildFile; productRef = CCF3D6D0302921A800AF3518 /* RpplCore */; };
/* End PBXBuildFile section */

/* Begin PBXContainerItemProxy section */
		CCF3D6A3302921A800AF3518 /* PBXContainerItemProxy */ = {
			isa = PBXContainerItemProxy;
			containerPortal = CCF3D689302921A400AF3518 /* Project object */;
			proxyType = 1;
			remoteGlobalIDString = CCF3D690302921A400AF3518;
			remoteInfo = Rppl;
		};
		CCF3D6AD302921A800AF3518 /* PBXContainerItemProxy */ = {
			isa = PBXContainerItemProxy;
			containerPortal = CCF3D689302921A400AF3518 /* Project object */;
			proxyType = 1;
			remoteGlobalIDString = CCF3D690302921A400AF3518;
			remoteInfo = Rppl;
		};
		CCF3D6C8302921A800AF3518 /* PBXContainerItemProxy */ = {
			isa = PBXContainerItemProxy;
			containerPortal = CCF3D689302921A400AF3518 /* Project object */;
			proxyType = 1;
			remoteGlobalIDString = CCF3D6C5302921A800AF3518;
			remoteInfo = RpplWatch;
		};
/* End PBXContainerItemProxy section */

/* Begin PBXCopyFilesBuildPhase section */
		CCF3D6C6302921A800AF3518 /* Embed Watch Content */ = {
			isa = PBXCopyFilesBuildPhase;
			buildActionMask = 2147483647;
			dstPath = "$(CONTENTS_FOLDER_PATH)/Watch";
			dstSubfolderSpec = 16;
			files = (
				CCF3D6C7302921A800AF3518 /* RpplWatch.app in Embed Watch Content */,
			);
			name = "Embed Watch Content";
			runOnlyForDeploymentPostprocessing = 0;
		};
/* End PBXCopyFilesBuildPhase section */

/* Begin PBXFileReference section */
		CCF3D691302921A500AF3518 /* Rppl.app */ = {isa = PBXFileReference; explicitFileType = wrapper.application; includeInIndex = 0; path = Rppl.app; sourceTree = BUILT_PRODUCTS_DIR; };
		CCF3D6A2302921A800AF3518 /* RpplTests.xctest */ = {isa = PBXFileReference; explicitFileType = wrapper.cfbundle; includeInIndex = 0; path = RpplTests.xctest; sourceTree = BUILT_PRODUCTS_DIR; };
		CCF3D6AC302921A800AF3518 /* RpplUITests.xctest */ = {isa = PBXFileReference; explicitFileType = wrapper.cfbundle; includeInIndex = 0; path = RpplUITests.xctest; sourceTree = BUILT_PRODUCTS_DIR; };
		CCF3D6C0302921A800AF3518 /* RpplWatch.app */ = {isa = PBXFileReference; explicitFileType = wrapper.application; includeInIndex = 0; path = RpplWatch.app; sourceTree = BUILT_PRODUCTS_DIR; };
/* End PBXFileReference section */

/* Begin PBXFileSystemSynchronizedBuildFileExceptionSet section */
		CCF3D6B4302921A800AF3518 /* Exceptions for "Rppl" folder in "Rppl" target */ = {
			isa = PBXFileSystemSynchronizedBuildFileExceptionSet;
			membershipExceptions = (
				Info.plist,
			);
			target = CCF3D690302921A400AF3518 /* Rppl */;
		};
		CCF3D6D5302921A800AF3518 /* Exceptions for "RpplWatch" folder in "RpplWatch" target */ = {
			isa = PBXFileSystemSynchronizedBuildFileExceptionSet;
			membershipExceptions = (
				Info.plist,
			);
			target = CCF3D6C5302921A800AF3518 /* RpplWatch */;
		};
/* End PBXFileSystemSynchronizedBuildFileExceptionSet section */

/* Begin PBXFileSystemSynchronizedRootGroup section */
		CCF3D693302921A500AF3518 /* Rppl */ = {
			isa = PBXFileSystemSynchronizedRootGroup;
			exceptions = (
				CCF3D6B4302921A800AF3518 /* Exceptions for "Rppl" folder in "Rppl" target */,
			);
			path = Rppl;
			sourceTree = "<group>";
		};
		CCF3D6A5302921A800AF3518 /* RpplTests */ = {
			isa = PBXFileSystemSynchronizedRootGroup;
			path = RpplTests;
			sourceTree = "<group>";
		};
		CCF3D6AF302921A800AF3518 /* RpplUITests */ = {
			isa = PBXFileSystemSynchronizedRootGroup;
			path = RpplUITests;
			sourceTree = "<group>";
		};
		CCF3D6C1302921A800AF3518 /* RpplWatch */ = {
			isa = PBXFileSystemSynchronizedRootGroup;
			exceptions = (
				CCF3D6D5302921A800AF3518 /* Exceptions for "RpplWatch" folder in "RpplWatch" target */,
			);
			path = RpplWatch;
			sourceTree = "<group>";
		};
/* End PBXFileSystemSynchronizedRootGroup section */

/* Begin PBXFrameworksBuildPhase section */
		CCF3D68E302921A400AF3518 /* Frameworks */ = {
			isa = PBXFrameworksBuildPhase;
			buildActionMask = 2147483647;
			files = (
				CCF3D6D1302921A800AF3518 /* RpplCore in Frameworks */,
			);
			runOnlyForDeploymentPostprocessing = 0;
		};
		CCF3D69F302921A800AF3518 /* Frameworks */ = {
			isa = PBXFrameworksBuildPhase;
			buildActionMask = 2147483647;
			files = (
				CCF3D6D3302921A800AF3518 /* RpplCore in Frameworks */,
			);
			runOnlyForDeploymentPostprocessing = 0;
		};
		CCF3D6A9302921A800AF3518 /* Frameworks */ = {
			isa = PBXFrameworksBuildPhase;
			buildActionMask = 2147483647;
			files = (
			);
			runOnlyForDeploymentPostprocessing = 0;
		};
		CCF3D6C3302921A800AF3518 /* Frameworks */ = {
			isa = PBXFrameworksBuildPhase;
			buildActionMask = 2147483647;
			files = (
				CCF3D6D2302921A800AF3518 /* RpplCore in Frameworks */,
			);
			runOnlyForDeploymentPostprocessing = 0;
		};
/* End PBXFrameworksBuildPhase section */

/* Begin PBXGroup section */
		CCF3D688302921A400AF3518 = {
			isa = PBXGroup;
			children = (
				CCF3D693302921A500AF3518 /* Rppl */,
				CCF3D6C1302921A800AF3518 /* RpplWatch */,
				CCF3D6A5302921A800AF3518 /* RpplTests */,
				CCF3D6AF302921A800AF3518 /* RpplUITests */,
				CCF3D692302921A500AF3518 /* Products */,
			);
			sourceTree = "<group>";
		};
		CCF3D692302921A500AF3518 /* Products */ = {
			isa = PBXGroup;
			children = (
				CCF3D691302921A500AF3518 /* Rppl.app */,
				CCF3D6C0302921A800AF3518 /* RpplWatch.app */,
				CCF3D6A2302921A800AF3518 /* RpplTests.xctest */,
				CCF3D6AC302921A800AF3518 /* RpplUITests.xctest */,
			);
			name = Products;
			sourceTree = "<group>";
		};
/* End PBXGroup section */

/* Begin PBXNativeTarget section */
		CCF3D690302921A400AF3518 /* Rppl */ = {
			isa = PBXNativeTarget;
			buildConfigurationList = CCF3D6B5302921A800AF3518 /* Build configuration list for PBXNativeTarget "Rppl" */;
			buildPhases = (
				CCF3D68D302921A400AF3518 /* Sources */,
				CCF3D68E302921A400AF3518 /* Frameworks */,
				CCF3D68F302921A400AF3518 /* Resources */,
				CCF3D6C6302921A800AF3518 /* Embed Watch Content */,
			);
			buildRules = (
			);
			dependencies = (
				CCF3D6C9302921A800AF3518 /* PBXTargetDependency */,
			);
			fileSystemSynchronizedGroups = (
				CCF3D693302921A500AF3518 /* Rppl */,
			);
			name = Rppl;
			packageProductDependencies = (
				CCF3D6CE302921A800AF3518 /* RpplCore */,
			);
			productName = Rppl;
			productReference = CCF3D691302921A500AF3518 /* Rppl.app */;
			productType = "com.apple.product-type.application";
		};
		CCF3D6A1302921A800AF3518 /* RpplTests */ = {
			isa = PBXNativeTarget;
			buildConfigurationList = CCF3D6BA302921A800AF3518 /* Build configuration list for PBXNativeTarget "RpplTests" */;
			buildPhases = (
				CCF3D69E302921A800AF3518 /* Sources */,
				CCF3D69F302921A800AF3518 /* Frameworks */,
				CCF3D6A0302921A800AF3518 /* Resources */,
			);
			buildRules = (
			);
			dependencies = (
				CCF3D6A4302921A800AF3518 /* PBXTargetDependency */,
			);
			fileSystemSynchronizedGroups = (
				CCF3D6A5302921A800AF3518 /* RpplTests */,
			);
			name = RpplTests;
			packageProductDependencies = (
				CCF3D6D0302921A800AF3518 /* RpplCore */,
			);
			productName = RpplTests;
			productReference = CCF3D6A2302921A800AF3518 /* RpplTests.xctest */;
			productType = "com.apple.product-type.bundle.unit-test";
		};
		CCF3D6AB302921A800AF3518 /* RpplUITests */ = {
			isa = PBXNativeTarget;
			buildConfigurationList = CCF3D6BD302921A800AF3518 /* Build configuration list for PBXNativeTarget "RpplUITests" */;
			buildPhases = (
				CCF3D6A8302921A800AF3518 /* Sources */,
				CCF3D6A9302921A800AF3518 /* Frameworks */,
				CCF3D6AA302921A800AF3518 /* Resources */,
			);
			buildRules = (
			);
			dependencies = (
				CCF3D6AE302921A800AF3518 /* PBXTargetDependency */,
			);
			fileSystemSynchronizedGroups = (
				CCF3D6AF302921A800AF3518 /* RpplUITests */,
			);
			name = RpplUITests;
			packageProductDependencies = (
			);
			productName = RpplUITests;
			productReference = CCF3D6AC302921A800AF3518 /* RpplUITests.xctest */;
			productType = "com.apple.product-type.bundle.ui-testing";
		};
		CCF3D6C5302921A800AF3518 /* RpplWatch */ = {
			isa = PBXNativeTarget;
			buildConfigurationList = CCF3D6CC302921A800AF3518 /* Build configuration list for PBXNativeTarget "RpplWatch" */;
			buildPhases = (
				CCF3D6C2302921A800AF3518 /* Sources */,
				CCF3D6C3302921A800AF3518 /* Frameworks */,
				CCF3D6C4302921A800AF3518 /* Resources */,
			);
			buildRules = (
			);
			dependencies = (
			);
			fileSystemSynchronizedGroups = (
				CCF3D6C1302921A800AF3518 /* RpplWatch */,
			);
			name = RpplWatch;
			packageProductDependencies = (
				CCF3D6CF302921A800AF3518 /* RpplCore */,
			);
			productName = RpplWatch;
			productReference = CCF3D6C0302921A800AF3518 /* RpplWatch.app */;
			productType = "com.apple.product-type.application";
		};
/* End PBXNativeTarget section */

/* Begin PBXProject section */
		CCF3D689302921A400AF3518 /* Project object */ = {
			isa = PBXProject;
			attributes = {
				BuildIndependentTargetsInParallel = 1;
				LastSwiftUpdateCheck = 2630;
				LastUpgradeCheck = 2630;
				TargetAttributes = {
					CCF3D690302921A400AF3518 = {
						CreatedOnToolsVersion = 26.3;
					};
					CCF3D6A1302921A800AF3518 = {
						CreatedOnToolsVersion = 26.3;
						TestTargetID = CCF3D690302921A400AF3518;
					};
					CCF3D6AB302921A800AF3518 = {
						CreatedOnToolsVersion = 26.3;
						TestTargetID = CCF3D690302921A400AF3518;
					};
					CCF3D6C5302921A800AF3518 = {
						CreatedOnToolsVersion = 26.3;
					};
				};
			};
			buildConfigurationList = CCF3D68C302921A400AF3518 /* Build configuration list for PBXProject "Rppl" */;
			developmentRegion = en;
			hasScannedForEncodings = 0;
			knownRegions = (
				en,
				Base,
			);
			mainGroup = CCF3D688302921A400AF3518;
			minimizedProjectReferenceProxies = 1;
			packageReferences = (
				CCF3D6CD302921A800AF3518 /* XCLocalSwiftPackageReference "RpplCore" */,
			);
			preferredProjectObjectVersion = 77;
			productRefGroup = CCF3D692302921A500AF3518 /* Products */;
			projectDirPath = "";
			projectRoot = "";
			targets = (
				CCF3D690302921A400AF3518 /* Rppl */,
				CCF3D6C5302921A800AF3518 /* RpplWatch */,
				CCF3D6A1302921A800AF3518 /* RpplTests */,
				CCF3D6AB302921A800AF3518 /* RpplUITests */,
			);
		};
/* End PBXProject section */

/* Begin PBXResourcesBuildPhase section */
		CCF3D68F302921A400AF3518 /* Resources */ = {
			isa = PBXResourcesBuildPhase;
			buildActionMask = 2147483647;
			files = (
			);
			runOnlyForDeploymentPostprocessing = 0;
		};
		CCF3D6A0302921A800AF3518 /* Resources */ = {
			isa = PBXResourcesBuildPhase;
			buildActionMask = 2147483647;
			files = (
			);
			runOnlyForDeploymentPostprocessing = 0;
		};
		CCF3D6AA302921A800AF3518 /* Resources */ = {
			isa = PBXResourcesBuildPhase;
			buildActionMask = 2147483647;
			files = (
			);
			runOnlyForDeploymentPostprocessing = 0;
		};
		CCF3D6C4302921A800AF3518 /* Resources */ = {
			isa = PBXResourcesBuildPhase;
			buildActionMask = 2147483647;
			files = (
			);
			runOnlyForDeploymentPostprocessing = 0;
		};
/* End PBXResourcesBuildPhase section */

/* Begin PBXSourcesBuildPhase section */
		CCF3D68D302921A400AF3518 /* Sources */ = {
			isa = PBXSourcesBuildPhase;
			buildActionMask = 2147483647;
			files = (
			);
			runOnlyForDeploymentPostprocessing = 0;
		};
		CCF3D69E302921A800AF3518 /* Sources */ = {
			isa = PBXSourcesBuildPhase;
			buildActionMask = 2147483647;
			files = (
			);
			runOnlyForDeploymentPostprocessing = 0;
		};
		CCF3D6A8302921A800AF3518 /* Sources */ = {
			isa = PBXSourcesBuildPhase;
			buildActionMask = 2147483647;
			files = (
			);
			runOnlyForDeploymentPostprocessing = 0;
		};
		CCF3D6C2302921A800AF3518 /* Sources */ = {
			isa = PBXSourcesBuildPhase;
			buildActionMask = 2147483647;
			files = (
			);
			runOnlyForDeploymentPostprocessing = 0;
		};
/* End PBXSourcesBuildPhase section */

/* Begin PBXTargetDependency section */
		CCF3D6A4302921A800AF3518 /* PBXTargetDependency */ = {
			isa = PBXTargetDependency;
			target = CCF3D690302921A400AF3518 /* Rppl */;
			targetProxy = CCF3D6A3302921A800AF3518 /* PBXContainerItemProxy */;
		};
		CCF3D6AE302921A800AF3518 /* PBXTargetDependency */ = {
			isa = PBXTargetDependency;
			target = CCF3D690302921A400AF3518 /* Rppl */;
			targetProxy = CCF3D6AD302921A800AF3518 /* PBXContainerItemProxy */;
		};
		CCF3D6C9302921A800AF3518 /* PBXTargetDependency */ = {
			isa = PBXTargetDependency;
			target = CCF3D6C5302921A800AF3518 /* RpplWatch */;
			targetProxy = CCF3D6C8302921A800AF3518 /* PBXContainerItemProxy */;
		};
/* End PBXTargetDependency section */

/* Begin XCBuildConfiguration section */
		CCF3D6B6302921A800AF3518 /* Debug */ = {
			isa = XCBuildConfiguration;
			buildSettings = {
				ASSETCATALOG_COMPILER_APPICON_NAME = AppIcon;
				ASSETCATALOG_COMPILER_GLOBAL_ACCENT_COLOR_NAME = AccentColor;
				CODE_SIGN_ENTITLEMENTS = Rppl/Rppl.entitlements;
				CODE_SIGN_STYLE = Automatic;
				CURRENT_PROJECT_VERSION = 1;
				DEVELOPMENT_TEAM = ZBB5RH99X8;
				ENABLE_PREVIEWS = YES;
				GENERATE_INFOPLIST_FILE = YES;
				INFOPLIST_FILE = Rppl/Info.plist;
				INFOPLIST_KEY_CFBundleDisplayName = Rppl;
				INFOPLIST_KEY_LSApplicationCategoryType = "public.app-category.healthcare-fitness";
				INFOPLIST_KEY_NSHealthShareUsageDescription = "Rppl reads heart rate and energy during cable-park sessions for alpha data collection. Workouts are not saved to Health in this alpha.";
				INFOPLIST_KEY_NSHealthUpdateUsageDescription = "Rppl does not write workouts to Health during alpha testing.";
				INFOPLIST_KEY_NSLocationAlwaysAndWhenInUseUsageDescription = "Rppl may use location to display session tracks.";
				INFOPLIST_KEY_NSLocationWhenInUseUsageDescription = "Rppl shows GPS tracks from Apple Watch sessions on the map.";
				INFOPLIST_KEY_NSMotionUsageDescription = "Rppl uses motion APIs when reviewing session context on iPhone.";
				INFOPLIST_KEY_UIApplicationSceneManifest_Generation = YES;
				"INFOPLIST_KEY_UIApplicationSceneManifest_Generation[sdk=iphoneos*]" = YES;
				"INFOPLIST_KEY_UIApplicationSceneManifest_Generation[sdk=iphonesimulator*]" = YES;
				INFOPLIST_KEY_UIApplicationSupportsIndirectInputEvents = YES;
				"INFOPLIST_KEY_UIApplicationSupportsIndirectInputEvents[sdk=iphoneos*]" = YES;
				"INFOPLIST_KEY_UIApplicationSupportsIndirectInputEvents[sdk=iphonesimulator*]" = YES;
				INFOPLIST_KEY_UILaunchScreen_Generation = YES;
				"INFOPLIST_KEY_UILaunchScreen_Generation[sdk=iphoneos*]" = YES;
				"INFOPLIST_KEY_UILaunchScreen_Generation[sdk=iphonesimulator*]" = YES;
				INFOPLIST_KEY_UIStatusBarStyle = UIStatusBarStyleDefault;
				"INFOPLIST_KEY_UIStatusBarStyle[sdk=iphoneos*]" = UIStatusBarStyleDefault;
				"INFOPLIST_KEY_UIStatusBarStyle[sdk=iphonesimulator*]" = UIStatusBarStyleDefault;
				INFOPLIST_KEY_UISupportedInterfaceOrientations = UIInterfaceOrientationPortrait;
				INFOPLIST_KEY_UISupportedInterfaceOrientations_iPad = "UIInterfaceOrientationLandscapeLeft UIInterfaceOrientationLandscapeRight UIInterfaceOrientationPortrait UIInterfaceOrientationPortraitUpsideDown";
				IPHONEOS_DEPLOYMENT_TARGET = 26.2;
				LD_RUNPATH_SEARCH_PATHS = (
					"$(inherited)",
					"@executable_path/Frameworks",
				);
				MARKETING_VERSION = 1.0;
				PRODUCT_BUNDLE_IDENTIFIER = nl.dcsbl.dev.rppl;
				PRODUCT_NAME = "$(TARGET_NAME)";
				REGISTER_APP_GROUPS = YES;
				SDKROOT = iphoneos;
				STRING_CATALOG_GENERATE_SYMBOLS = YES;
				SUPPORTED_PLATFORMS = "iphoneos iphonesimulator";
				SUPPORTS_MACCATALYST = NO;
				SUPPORTS_MAC_DESIGNED_FOR_IPHONE_IPAD = NO;
				SUPPORTS_XR_DESIGNED_FOR_IPHONE_IPAD = NO;
				SWIFT_APPROACHABLE_CONCURRENCY = YES;
				SWIFT_DEFAULT_ACTOR_ISOLATION = MainActor;
				SWIFT_EMIT_LOC_STRINGS = YES;
				SWIFT_UPCOMING_FEATURE_MEMBER_IMPORT_VISIBILITY = YES;
				SWIFT_VERSION = 5.0;
				TARGETED_DEVICE_FAMILY = 1;
			};
			name = Debug;
		};
		CCF3D6B7302921A800AF3518 /* Release */ = {
			isa = XCBuildConfiguration;
			buildSettings = {
				ASSETCATALOG_COMPILER_APPICON_NAME = AppIcon;
				ASSETCATALOG_COMPILER_GLOBAL_ACCENT_COLOR_NAME = AccentColor;
				CODE_SIGN_ENTITLEMENTS = Rppl/Rppl.entitlements;
				CODE_SIGN_STYLE = Automatic;
				CURRENT_PROJECT_VERSION = 1;
				DEVELOPMENT_TEAM = ZBB5RH99X8;
				ENABLE_PREVIEWS = YES;
				GENERATE_INFOPLIST_FILE = YES;
				INFOPLIST_FILE = Rppl/Info.plist;
				INFOPLIST_KEY_CFBundleDisplayName = Rppl;
				INFOPLIST_KEY_LSApplicationCategoryType = "public.app-category.healthcare-fitness";
				INFOPLIST_KEY_NSHealthShareUsageDescription = "Rppl reads heart rate and energy during cable-park sessions for alpha data collection. Workouts are not saved to Health in this alpha.";
				INFOPLIST_KEY_NSHealthUpdateUsageDescription = "Rppl does not write workouts to Health during alpha testing.";
				INFOPLIST_KEY_NSLocationAlwaysAndWhenInUseUsageDescription = "Rppl may use location to display session tracks.";
				INFOPLIST_KEY_NSLocationWhenInUseUsageDescription = "Rppl shows GPS tracks from Apple Watch sessions on the map.";
				INFOPLIST_KEY_NSMotionUsageDescription = "Rppl uses motion APIs when reviewing session context on iPhone.";
				INFOPLIST_KEY_UIApplicationSceneManifest_Generation = YES;
				"INFOPLIST_KEY_UIApplicationSceneManifest_Generation[sdk=iphoneos*]" = YES;
				"INFOPLIST_KEY_UIApplicationSceneManifest_Generation[sdk=iphonesimulator*]" = YES;
				INFOPLIST_KEY_UIApplicationSupportsIndirectInputEvents = YES;
				"INFOPLIST_KEY_UIApplicationSupportsIndirectInputEvents[sdk=iphoneos*]" = YES;
				"INFOPLIST_KEY_UIApplicationSupportsIndirectInputEvents[sdk=iphonesimulator*]" = YES;
				INFOPLIST_KEY_UILaunchScreen_Generation = YES;
				"INFOPLIST_KEY_UILaunchScreen_Generation[sdk=iphoneos*]" = YES;
				"INFOPLIST_KEY_UILaunchScreen_Generation[sdk=iphonesimulator*]" = YES;
				INFOPLIST_KEY_UIStatusBarStyle = UIStatusBarStyleDefault;
				"INFOPLIST_KEY_UIStatusBarStyle[sdk=iphoneos*]" = UIStatusBarStyleDefault;
				"INFOPLIST_KEY_UIStatusBarStyle[sdk=iphonesimulator*]" = UIStatusBarStyleDefault;
				INFOPLIST_KEY_UISupportedInterfaceOrientations = UIInterfaceOrientationPortrait;
				INFOPLIST_KEY_UISupportedInterfaceOrientations_iPad = "UIInterfaceOrientationLandscapeLeft UIInterfaceOrientationLandscapeRight UIInterfaceOrientationPortrait UIInterfaceOrientationPortraitUpsideDown";
				IPHONEOS_DEPLOYMENT_TARGET = 26.2;
				LD_RUNPATH_SEARCH_PATHS = (
					"$(inherited)",
					"@executable_path/Frameworks",
				);
				MARKETING_VERSION = 1.0;
				PRODUCT_BUNDLE_IDENTIFIER = nl.dcsbl.dev.rppl;
				PRODUCT_NAME = "$(TARGET_NAME)";
				REGISTER_APP_GROUPS = YES;
				SDKROOT = iphoneos;
				STRING_CATALOG_GENERATE_SYMBOLS = YES;
				SUPPORTED_PLATFORMS = "iphoneos iphonesimulator";
				SUPPORTS_MACCATALYST = NO;
				SUPPORTS_MAC_DESIGNED_FOR_IPHONE_IPAD = NO;
				SUPPORTS_XR_DESIGNED_FOR_IPHONE_IPAD = NO;
				SWIFT_APPROACHABLE_CONCURRENCY = YES;
				SWIFT_DEFAULT_ACTOR_ISOLATION = MainActor;
				SWIFT_EMIT_LOC_STRINGS = YES;
				SWIFT_UPCOMING_FEATURE_MEMBER_IMPORT_VISIBILITY = YES;
				SWIFT_VERSION = 5.0;
				TARGETED_DEVICE_FAMILY = 1;
				VALIDATE_PRODUCT = YES;
			};
			name = Release;
		};
		CCF3D6B8302921A800AF3518 /* Debug */ = {
			isa = XCBuildConfiguration;
			buildSettings = {
				ALWAYS_SEARCH_USER_PATHS = NO;
				ASSETCATALOG_COMPILER_GENERATE_SWIFT_ASSET_SYMBOL_EXTENSIONS = YES;
				CLANG_ANALYZER_NONNULL = YES;
				CLANG_ANALYZER_NUMBER_OBJECT_CONVERSION = YES_AGGRESSIVE;
				CLANG_CXX_LANGUAGE_STANDARD = "gnu++20";
				CLANG_ENABLE_MODULES = YES;
				CLANG_ENABLE_OBJC_ARC = YES;
				CLANG_ENABLE_OBJC_WEAK = YES;
				CLANG_WARN_BLOCK_CAPTURE_AUTORELEASING = YES;
				CLANG_WARN_BOOL_CONVERSION = YES;
				CLANG_WARN_COMMA = YES;
				CLANG_WARN_CONSTANT_CONVERSION = YES;
				CLANG_WARN_DEPRECATED_OBJC_IMPLEMENTATIONS = YES;
				CLANG_WARN_DIRECT_OBJC_ISA_USAGE = YES_ERROR;
				CLANG_WARN_DOCUMENTATION_COMMENTS = YES;
				CLANG_WARN_EMPTY_BODY = YES;
				CLANG_WARN_ENUM_CONVERSION = YES;
				CLANG_WARN_INFINITE_RECURSION = YES;
				CLANG_WARN_INT_CONVERSION = YES;
				CLANG_WARN_NON_LITERAL_NULL_CONVERSION = YES;
				CLANG_WARN_OBJC_IMPLICIT_RETAIN_SELF = YES;
				CLANG_WARN_OBJC_LITERAL_CONVERSION = YES;
				CLANG_WARN_OBJC_ROOT_CLASS = YES_ERROR;
				CLANG_WARN_QUOTED_INCLUDE_IN_FRAMEWORK_HEADER = YES;
				CLANG_WARN_RANGE_LOOP_ANALYSIS = YES;
				CLANG_WARN_STRICT_PROTOTYPES = YES;
				CLANG_WARN_SUSPICIOUS_MOVE = YES;
				CLANG_WARN_UNGUARDED_AVAILABILITY = YES_AGGRESSIVE;
				CLANG_WARN_UNREACHABLE_CODE = YES;
				CLANG_WARN__DUPLICATE_METHOD_MATCH = YES;
				COPY_PHASE_STRIP = NO;
				DEBUG_INFORMATION_FORMAT = dwarf;
				ENABLE_STRICT_OBJC_MSGSEND = YES;
				ENABLE_TESTABILITY = YES;
				ENABLE_USER_SCRIPT_SANDBOXING = YES;
				GCC_C_LANGUAGE_STANDARD = gnu17;
				GCC_DYNAMIC_NO_PIC = NO;
				GCC_NO_COMMON_BLOCKS = YES;
				GCC_OPTIMIZATION_LEVEL = 0;
				GCC_PREPROCESSOR_DEFINITIONS = (
					"DEBUG=1",
					"$(inherited)",
				);
				GCC_WARN_64_TO_32_BIT_CONVERSION = YES;
				GCC_WARN_ABOUT_RETURN_TYPE = YES_ERROR;
				GCC_WARN_UNDECLARED_SELECTOR = YES;
				GCC_WARN_UNINITIALIZED_AUTOS = YES_AGGRESSIVE;
				GCC_WARN_UNUSED_FUNCTION = YES;
				GCC_WARN_UNUSED_VARIABLE = YES;
				LOCALIZATION_PREFERS_STRING_CATALOGS = YES;
				MTL_ENABLE_DEBUG_INFO = INCLUDE_SOURCE;
				MTL_FAST_MATH = YES;
				ONLY_ACTIVE_ARCH = YES;
				SWIFT_ACTIVE_COMPILATION_CONDITIONS = "DEBUG $(inherited)";
				SWIFT_OPTIMIZATION_LEVEL = "-Onone";
			};
			name = Debug;
		};
		CCF3D6B9302921A800AF3518 /* Release */ = {
			isa = XCBuildConfiguration;
			buildSettings = {
				ALWAYS_SEARCH_USER_PATHS = NO;
				ASSETCATALOG_COMPILER_GENERATE_SWIFT_ASSET_SYMBOL_EXTENSIONS = YES;
				CLANG_ANALYZER_NONNULL = YES;
				CLANG_ANALYZER_NUMBER_OBJECT_CONVERSION = YES_AGGRESSIVE;
				CLANG_CXX_LANGUAGE_STANDARD = "gnu++20";
				CLANG_ENABLE_MODULES = YES;
				CLANG_ENABLE_OBJC_ARC = YES;
				CLANG_ENABLE_OBJC_WEAK = YES;
				CLANG_WARN_BLOCK_CAPTURE_AUTORELEASING = YES;
				CLANG_WARN_BOOL_CONVERSION = YES;
				CLANG_WARN_COMMA = YES;
				CLANG_WARN_CONSTANT_CONVERSION = YES;
				CLANG_WARN_DEPRECATED_OBJC_IMPLEMENTATIONS = YES;
				CLANG_WARN_DIRECT_OBJC_ISA_USAGE = YES_ERROR;
				CLANG_WARN_DOCUMENTATION_COMMENTS = YES;
				CLANG_WARN_EMPTY_BODY = YES;
				CLANG_WARN_ENUM_CONVERSION = YES;
				CLANG_WARN_INFINITE_RECURSION = YES;
				CLANG_WARN_INT_CONVERSION = YES;
				CLANG_WARN_NON_LITERAL_NULL_CONVERSION = YES;
				CLANG_WARN_OBJC_IMPLICIT_RETAIN_SELF = YES;
				CLANG_WARN_OBJC_LITERAL_CONVERSION = YES;
				CLANG_WARN_OBJC_ROOT_CLASS = YES_ERROR;
				CLANG_WARN_QUOTED_INCLUDE_IN_FRAMEWORK_HEADER = YES;
				CLANG_WARN_RANGE_LOOP_ANALYSIS = YES;
				CLANG_WARN_STRICT_PROTOTYPES = YES;
				CLANG_WARN_SUSPICIOUS_MOVE = YES;
				CLANG_WARN_UNGUARDED_AVAILABILITY = YES_AGGRESSIVE;
				CLANG_WARN_UNREACHABLE_CODE = YES;
				CLANG_WARN__DUPLICATE_METHOD_MATCH = YES;
				COPY_PHASE_STRIP = NO;
				DEBUG_INFORMATION_FORMAT = "dwarf-with-dsym";
				ENABLE_NS_ASSERTIONS = NO;
				ENABLE_STRICT_OBJC_MSGSEND = YES;
				ENABLE_USER_SCRIPT_SANDBOXING = YES;
				GCC_C_LANGUAGE_STANDARD = gnu17;
				GCC_NO_COMMON_BLOCKS = YES;
				GCC_WARN_64_TO_32_BIT_CONVERSION = YES;
				GCC_WARN_ABOUT_RETURN_TYPE = YES_ERROR;
				GCC_WARN_UNDECLARED_SELECTOR = YES;
				GCC_WARN_UNINITIALIZED_AUTOS = YES_AGGRESSIVE;
				GCC_WARN_UNUSED_FUNCTION = YES;
				GCC_WARN_UNUSED_VARIABLE = YES;
				LOCALIZATION_PREFERS_STRING_CATALOGS = YES;
				MTL_ENABLE_DEBUG_INFO = NO;
				MTL_FAST_MATH = YES;
				SWIFT_COMPILATION_MODE = wholemodule;
			};
			name = Release;
		};
		CCF3D6BB302921A800AF3518 /* Debug */ = {
			isa = XCBuildConfiguration;
			buildSettings = {
				BUNDLE_LOADER = "$(TEST_HOST)";
				CODE_SIGN_STYLE = Automatic;
				CURRENT_PROJECT_VERSION = 1;
				DEVELOPMENT_TEAM = V5UBFX6V97;
				GENERATE_INFOPLIST_FILE = YES;
				IPHONEOS_DEPLOYMENT_TARGET = 26.2;
				MARKETING_VERSION = 1.0;
				PRODUCT_BUNDLE_IDENTIFIER = nl.dcsbl.dev.rppl.tests;
				PRODUCT_NAME = "$(TARGET_NAME)";
				SDKROOT = iphoneos;
				STRING_CATALOG_GENERATE_SYMBOLS = NO;
				SUPPORTED_PLATFORMS = "iphoneos iphonesimulator";
				SWIFT_APPROACHABLE_CONCURRENCY = YES;
				SWIFT_EMIT_LOC_STRINGS = NO;
				SWIFT_UPCOMING_FEATURE_MEMBER_IMPORT_VISIBILITY = YES;
				SWIFT_VERSION = 5.0;
				TARGETED_DEVICE_FAMILY = "1,2";
				TEST_HOST = "$(BUILT_PRODUCTS_DIR)/Rppl.app/$(BUNDLE_EXECUTABLE_FOLDER_PATH)/Rppl";
			};
			name = Debug;
		};
		CCF3D6BC302921A800AF3518 /* Release */ = {
			isa = XCBuildConfiguration;
			buildSettings = {
				BUNDLE_LOADER = "$(TEST_HOST)";
				CODE_SIGN_STYLE = Automatic;
				CURRENT_PROJECT_VERSION = 1;
				DEVELOPMENT_TEAM = V5UBFX6V97;
				GENERATE_INFOPLIST_FILE = YES;
				IPHONEOS_DEPLOYMENT_TARGET = 26.2;
				MARKETING_VERSION = 1.0;
				PRODUCT_BUNDLE_IDENTIFIER = nl.dcsbl.dev.rppl.tests;
				PRODUCT_NAME = "$(TARGET_NAME)";
				SDKROOT = iphoneos;
				STRING_CATALOG_GENERATE_SYMBOLS = NO;
				SUPPORTED_PLATFORMS = "iphoneos iphonesimulator";
				SWIFT_APPROACHABLE_CONCURRENCY = YES;
				SWIFT_EMIT_LOC_STRINGS = NO;
				SWIFT_UPCOMING_FEATURE_MEMBER_IMPORT_VISIBILITY = YES;
				SWIFT_VERSION = 5.0;
				TARGETED_DEVICE_FAMILY = "1,2";
				TEST_HOST = "$(BUILT_PRODUCTS_DIR)/Rppl.app/$(BUNDLE_EXECUTABLE_FOLDER_PATH)/Rppl";
			};
			name = Release;
		};
		CCF3D6BE302921A800AF3518 /* Debug */ = {
			isa = XCBuildConfiguration;
			buildSettings = {
				CODE_SIGN_STYLE = Automatic;
				CURRENT_PROJECT_VERSION = 1;
				DEVELOPMENT_TEAM = V5UBFX6V97;
				GENERATE_INFOPLIST_FILE = YES;
				IPHONEOS_DEPLOYMENT_TARGET = 26.2;
				MARKETING_VERSION = 1.0;
				PRODUCT_BUNDLE_IDENTIFIER = nl.dcsbl.dev.rppl.uitests;
				PRODUCT_NAME = "$(TARGET_NAME)";
				SDKROOT = iphoneos;
				STRING_CATALOG_GENERATE_SYMBOLS = NO;
				SUPPORTED_PLATFORMS = "iphoneos iphonesimulator";
				SWIFT_APPROACHABLE_CONCURRENCY = YES;
				SWIFT_EMIT_LOC_STRINGS = NO;
				SWIFT_UPCOMING_FEATURE_MEMBER_IMPORT_VISIBILITY = YES;
				SWIFT_VERSION = 5.0;
				TARGETED_DEVICE_FAMILY = "1,2";
				TEST_TARGET_NAME = Rppl;
			};
			name = Debug;
		};
		CCF3D6BF302921A800AF3518 /* Release */ = {
			isa = XCBuildConfiguration;
			buildSettings = {
				CODE_SIGN_STYLE = Automatic;
				CURRENT_PROJECT_VERSION = 1;
				DEVELOPMENT_TEAM = V5UBFX6V97;
				GENERATE_INFOPLIST_FILE = YES;
				IPHONEOS_DEPLOYMENT_TARGET = 26.2;
				MARKETING_VERSION = 1.0;
				PRODUCT_BUNDLE_IDENTIFIER = nl.dcsbl.dev.rppl.uitests;
				PRODUCT_NAME = "$(TARGET_NAME)";
				SDKROOT = iphoneos;
				STRING_CATALOG_GENERATE_SYMBOLS = NO;
				SUPPORTED_PLATFORMS = "iphoneos iphonesimulator";
				SWIFT_APPROACHABLE_CONCURRENCY = YES;
				SWIFT_EMIT_LOC_STRINGS = NO;
				SWIFT_UPCOMING_FEATURE_MEMBER_IMPORT_VISIBILITY = YES;
				SWIFT_VERSION = 5.0;
				TARGETED_DEVICE_FAMILY = "1,2";
				TEST_TARGET_NAME = Rppl;
			};
			name = Release;
		};
		CCF3D6CA302921A800AF3518 /* Debug */ = {
			isa = XCBuildConfiguration;
			buildSettings = {
				ASSETCATALOG_COMPILER_GLOBAL_ACCENT_COLOR_NAME = AccentColor;
				CODE_SIGN_ENTITLEMENTS = RpplWatch/RpplWatch.entitlements;
				CODE_SIGN_STYLE = Automatic;
				CURRENT_PROJECT_VERSION = 1;
				DEVELOPMENT_TEAM = ZBB5RH99X8;
				ENABLE_PREVIEWS = YES;
				GENERATE_INFOPLIST_FILE = YES;
				INFOPLIST_FILE = RpplWatch/Info.plist;
				INFOPLIST_KEY_CFBundleDisplayName = Rppl;
				INFOPLIST_KEY_NSHealthShareUsageDescription = "Rppl needs permission to start a water-sports workout session so sensors stay active. Alpha builds still do not save the finished workout into Health.";
				INFOPLIST_KEY_NSHealthUpdateUsageDescription = "Rppl requests workout write access only to run a live session for sensors; finished workouts are not saved during alpha testing.";
				INFOPLIST_KEY_NSLocationAlwaysAndWhenInUseUsageDescription = "Rppl records GPS for the full park session, including when the wrist is down.";
				INFOPLIST_KEY_NSLocationWhenInUseUsageDescription = "Rppl records GPS during cable-park wakeboarding sessions for alpha data collection.";
				INFOPLIST_KEY_NSMotionUsageDescription = "Rppl records device motion to collect alpha training data for start/swim/walk detection.";
				INFOPLIST_KEY_WKCompanionAppBundleIdentifier = nl.dcsbl.dev.rppl;
				INFOPLIST_KEY_WKRunsIndependentlyOfCompanionApp = NO;
				LD_RUNPATH_SEARCH_PATHS = (
					"$(inherited)",
					"@executable_path/Frameworks",
				);
				MARKETING_VERSION = 1.0;
				PRODUCT_BUNDLE_IDENTIFIER = nl.dcsbl.dev.rppl.watchkitapp;
				PRODUCT_NAME = "$(TARGET_NAME)";
				SDKROOT = watchos;
				SKIP_INSTALL = YES;
				STRING_CATALOG_GENERATE_SYMBOLS = YES;
				SUPPORTED_PLATFORMS = "watchos watchsimulator";
				SWIFT_APPROACHABLE_CONCURRENCY = YES;
				SWIFT_DEFAULT_ACTOR_ISOLATION = MainActor;
				SWIFT_EMIT_LOC_STRINGS = YES;
				SWIFT_UPCOMING_FEATURE_MEMBER_IMPORT_VISIBILITY = YES;
				SWIFT_VERSION = 5.0;
				TARGETED_DEVICE_FAMILY = 4;
				WATCHOS_DEPLOYMENT_TARGET = 26.2;
			};
			name = Debug;
		};
		CCF3D6CB302921A800AF3518 /* Release */ = {
			isa = XCBuildConfiguration;
			buildSettings = {
				ASSETCATALOG_COMPILER_GLOBAL_ACCENT_COLOR_NAME = AccentColor;
				CODE_SIGN_ENTITLEMENTS = RpplWatch/RpplWatch.entitlements;
				CODE_SIGN_STYLE = Automatic;
				CURRENT_PROJECT_VERSION = 1;
				DEVELOPMENT_TEAM = ZBB5RH99X8;
				ENABLE_PREVIEWS = YES;
				GENERATE_INFOPLIST_FILE = YES;
				INFOPLIST_FILE = RpplWatch/Info.plist;
				INFOPLIST_KEY_CFBundleDisplayName = Rppl;
				INFOPLIST_KEY_NSHealthShareUsageDescription = "Rppl needs permission to start a water-sports workout session so sensors stay active. Alpha builds still do not save the finished workout into Health.";
				INFOPLIST_KEY_NSHealthUpdateUsageDescription = "Rppl requests workout write access only to run a live session for sensors; finished workouts are not saved during alpha testing.";
				INFOPLIST_KEY_NSLocationAlwaysAndWhenInUseUsageDescription = "Rppl records GPS for the full park session, including when the wrist is down.";
				INFOPLIST_KEY_NSLocationWhenInUseUsageDescription = "Rppl records GPS during cable-park wakeboarding sessions for alpha data collection.";
				INFOPLIST_KEY_NSMotionUsageDescription = "Rppl records device motion to collect alpha training data for start/swim/walk detection.";
				INFOPLIST_KEY_WKCompanionAppBundleIdentifier = nl.dcsbl.dev.rppl;
				INFOPLIST_KEY_WKRunsIndependentlyOfCompanionApp = NO;
				LD_RUNPATH_SEARCH_PATHS = (
					"$(inherited)",
					"@executable_path/Frameworks",
				);
				MARKETING_VERSION = 1.0;
				PRODUCT_BUNDLE_IDENTIFIER = nl.dcsbl.dev.rppl.watchkitapp;
				PRODUCT_NAME = "$(TARGET_NAME)";
				SDKROOT = watchos;
				SKIP_INSTALL = YES;
				STRING_CATALOG_GENERATE_SYMBOLS = YES;
				SUPPORTED_PLATFORMS = "watchos watchsimulator";
				SWIFT_APPROACHABLE_CONCURRENCY = YES;
				SWIFT_DEFAULT_ACTOR_ISOLATION = MainActor;
				SWIFT_EMIT_LOC_STRINGS = YES;
				SWIFT_UPCOMING_FEATURE_MEMBER_IMPORT_VISIBILITY = YES;
				SWIFT_VERSION = 5.0;
				TARGETED_DEVICE_FAMILY = 4;
				VALIDATE_PRODUCT = YES;
				WATCHOS_DEPLOYMENT_TARGET = 26.2;
			};
			name = Release;
		};
/* End XCBuildConfiguration section */

/* Begin XCConfigurationList section */
		CCF3D68C302921A400AF3518 /* Build configuration list for PBXProject "Rppl" */ = {
			isa = XCConfigurationList;
			buildConfigurations = (
				CCF3D6B8302921A800AF3518 /* Debug */,
				CCF3D6B9302921A800AF3518 /* Release */,
			);
			defaultConfigurationIsVisible = 0;
			defaultConfigurationName = Release;
		};
		CCF3D6B5302921A800AF3518 /* Build configuration list for PBXNativeTarget "Rppl" */ = {
			isa = XCConfigurationList;
			buildConfigurations = (
				CCF3D6B6302921A800AF3518 /* Debug */,
				CCF3D6B7302921A800AF3518 /* Release */,
			);
			defaultConfigurationIsVisible = 0;
			defaultConfigurationName = Release;
		};
		CCF3D6BA302921A800AF3518 /* Build configuration list for PBXNativeTarget "RpplTests" */ = {
			isa = XCConfigurationList;
			buildConfigurations = (
				CCF3D6BB302921A800AF3518 /* Debug */,
				CCF3D6BC302921A800AF3518 /* Release */,
			);
			defaultConfigurationIsVisible = 0;
			defaultConfigurationName = Release;
		};
		CCF3D6BD302921A800AF3518 /* Build configuration list for PBXNativeTarget "RpplUITests" */ = {
			isa = XCConfigurationList;
			buildConfigurations = (
				CCF3D6BE302921A800AF3518 /* Debug */,
				CCF3D6BF302921A800AF3518 /* Release */,
			);
			defaultConfigurationIsVisible = 0;
			defaultConfigurationName = Release;
		};
		CCF3D6CC302921A800AF3518 /* Build configuration list for PBXNativeTarget "RpplWatch" */ = {
			isa = XCConfigurationList;
			buildConfigurations = (
				CCF3D6CA302921A800AF3518 /* Debug */,
				CCF3D6CB302921A800AF3518 /* Release */,
			);
			defaultConfigurationIsVisible = 0;
			defaultConfigurationName = Release;
		};
/* End XCConfigurationList section */

/* Begin XCLocalSwiftPackageReference section */
		CCF3D6CD302921A800AF3518 /* XCLocalSwiftPackageReference "RpplCore" */ = {
			isa = XCLocalSwiftPackageReference;
			relativePath = RpplCore;
		};
/* End XCLocalSwiftPackageReference section */

/* Begin XCSwiftPackageProductDependency section */
		CCF3D6CE302921A800AF3518 /* RpplCore */ = {
			isa = XCSwiftPackageProductDependency;
			package = CCF3D6CD302921A800AF3518 /* XCLocalSwiftPackageReference "RpplCore" */;
			productName = RpplCore;
		};
		CCF3D6CF302921A800AF3518 /* RpplCore */ = {
			isa = XCSwiftPackageProductDependency;
			package = CCF3D6CD302921A800AF3518 /* XCLocalSwiftPackageReference "RpplCore" */;
			productName = RpplCore;
		};
		CCF3D6D0302921A800AF3518 /* RpplCore */ = {
			isa = XCSwiftPackageProductDependency;
			package = CCF3D6CD302921A800AF3518 /* XCLocalSwiftPackageReference "RpplCore" */;
			productName = RpplCore;
		};
/* End XCSwiftPackageProductDependency section */
	};
	rootObject = CCF3D689302921A400AF3518 /* Project object */;
}
